
Microsoft Visual Studio Solution File, Format Version 12.00
# Visual Studio Version 17
VisualStudioVersion = 17.8.34525.116
MinimumVisualStudioVersion = 10.0.40219.1
Project("{FAE04EC0-301F-11D3-BF4B-00C04F79EFBC}") = "Metalhead.Examples.Caching.Api", "Metalhead.Examples.Caching.Api\Metalhead.Examples.Caching.Api.csproj", "{56E987A4-F1C3-4070-9528-6A2EB536BCAA}"
EndProject
Global
	GlobalSection(SolutionConfigurationPlatforms) = preSolution
		Debug|Any CPU = Debug|Any CPU
		Release|Any CPU = Release|Any CPU
	EndGlobalSection
	GlobalSection(ProjectConfigurationPlatforms) = postSolution
		{56E987A4-F1C3-4070-9528-6A2EB536BCAA}.Debug|Any CPU.ActiveCfg = Debug|Any CPU
		{56E987A4-F1C3-4070-9528-6A2EB536BCAA}.Debug|Any CPU.Build.0 = Debug|Any CPU
		{56E987A4-F1C3-4070-9528-6A2EB536BCAA}.Release|Any CPU.ActiveCfg = Release|Any CPU
		{56E987A4-F1C3-4070-9528-6A2EB536BCAA}.Release|Any CPU.Build.0 = Release|Any CPU
	EndGlobalSection
	GlobalSection(SolutionProperties) = preSolution
		HideSolutionNode = FALSE
	EndGlobalSection
	GlobalSection(ExtensibilityGlobals) = postSolution
		SolutionGuid = {73724E50-07DD-4218-B3AB-F78D0144B25D}
	EndGlobalSection
EndGlobal
